// !$*UTF8*$!
{
	archiveVersion = 1;
	classes = {
	};
	objectVersion = 50;
	objects = {

/* Begin PBXBuildFile section */
		8AFABCFC24D6F3DC00006391 /* AppDelegate.swift in Sources */ = {isa = PBXBuildFile; fileRef = 8AFABCFB24D6F3DC00006391 /* AppDelegate.swift */; };
		8AFABCFE24D6F3DC00006391 /* SceneDelegate.swift in Sources */ = {isa = PBXBuildFile; fileRef = 8AFABCFD24D6F3DC00006391 /* SceneDelegate.swift */; };
		8AFABD0024D6F3DC00006391 /* ViewController.swift in Sources */ = {isa = PBXBuildFile; fileRef = 8AFABCFF24D6F3DC00006391 /* ViewController.swift */; };
		8AFABD0324D6F3DC00006391 /* Main.storyboard in Resources */ = {isa = PBXBuildFile; fileRef = 8AFABD0124D6F3DC00006391 /* Main.storyboard */; };
		8AFABD0524D6F3DD00006391 /* Assets.xcassets in Resources */ = {isa = PBXBuildFile; fileRef = 8AFABD0424D6F3DD00006391 /* Assets.xcassets */; };
		8AFABD0824D6F3DD00006391 /* LaunchScreen.storyboard in Resources */ = {isa = PBXBuildFile; fileRef = 8AFABD0624D6F3DD00006391 /* LaunchScreen.storyboard */; };
/* End PBXBuildFile section */

/* Begin PBXFileReference section */
		8AFABCF824D6F3DC00006391 /* AlamoFireDemo.app */ = {isa = PBXFileReference; explicitFileType = wrapper.application; includeInIndex = 0; path = AlamoFireDemo.app; sourceTree = BUILT_PRODUCTS_DIR; };
		8AFABCFB24D6F3DC00006391 /* AppDelegate.swift */ = {isa = PBXFileReference; lastKnownFileType = sourcecode.swift; path = AppDelegate.swift; sourceTree = "<group>"; };
		8AFABCFD24D6F3DC00006391 /* SceneDelegate.swift */ = {isa = PBXFileReference; lastKnownFileType = sourcecode.swift; path = SceneDelegate.swift; sourceTree = "<group>"; };
		8AFABCFF24D6F3DC00006391 /* ViewController.swift */ = {isa = PBXFileReference; lastKnownFileType = sourcecode.swift; path = ViewController.swift; sourceTree = "<group>"; };
		8AFABD0224D6F3DC00006391 /* Base */ = {isa = PBXFileReference; lastKnownFileType = file.storyboard; name = Base; path = Base.lproj/Main.storyboard; sourceTree = "<group>"; };
		8AFABD0424D6F3DD00006391 /* Assets.xcassets */ = {isa = PBXFileReference; lastKnownFileType = folder.assetcatalog; path = Assets.xcassets; sourceTree = "<group>"; };
		8AFABD0724D6F3DD00006391 /* Base */ = {isa = PBXFileReference; lastKnownFileType = file.storyboard; name = Base; path = Base.lproj/LaunchScreen.storyboard; sourceTree = "<group>"; };
		8AFABD0924D6F3DD00006391 /* Info.plist */ = {isa = PBXFileReference; lastKnownFileType = text.plist.xml; path = Info.plist; sourceTree = "<group>"; };
/* End PBXFileReference section */

/* Begin PBXFrameworksBuildPhase section */
		8AFABCF524D6F3DC00006391 /* Frameworks */ = {
			isa = PBXFrameworksBuildPhase;
			buildActionMask = 2147483647;
			files = (
			);
			runOnlyForDeploymentPostprocessing = 0;
		};
/* End PBXFrameworksBuildPhase section */

/* Begin PBXGroup section */
		8AFABCEF24D6F3DC00006391 = {
			isa = PBXGroup;
			children = (
				8AFABCFA24D6F3DC00006391 /* AlamoFireDemo */,
				8AFABCF924D6F3DC00006391 /* Products */,
			);
			sourceTree = "<group>";
		};
		8AFABCF924D6F3DC00006391 /* Products */ = {
			isa = PBXGroup;
			children = (
				8AFABCF824D6F3DC00006391 /* AlamoFireDemo.app */,
			);
			name = Products;
			sourceTree = "<group>";
		};
		8AFABCFA24D6F3DC00006391 /* AlamoFireDemo */ = {
			isa = PBXGroup;
			children = (
				8AFABCFB24D6F3DC00006391 /* AppDelegate.swift */,
				8AFABCFD24D6F3DC00006391 /* SceneDelegate.swift */,
				8AFABCFF24D6F3DC00006391 /* ViewController.swift */,
				8AFABD0124D6F3DC00006391 /* Main.storyboard */,
				8AFABD0424D6F3DD00006391 /* Assets.xcassets */,
				8AFABD0624D6F3DD00006391 /* LaunchScreen.storyboard */,
				8AFABD0924D6F3DD00006391 /* Info.plist */,
			);
			path = AlamoFireDemo;
			sourceTree = "<group>";
		};
/* End PBXGroup section */

/* Begin PBXNativeTarget section */
		8AFABCF724D6F3DC00006391 /* AlamoFireDemo */ = {
			isa = PBXNativeTarget;
			buildConfigurationList = 8AFABD0C24D6F3DD00006391 /* Build configuration list for PBXNativeTarget "AlamoFireDemo" */;
			buildPhases = (
				8AFABCF424D6F3DC00006391 /* Sources */,
				8AFABCF524D6F3DC00006391 /* Frameworks */,
				8AFABCF624D6F3DC00006391 /* Resources */,
			);
			buildRules = (
			);
			dependencies = (
			);
			name = AlamoFireDemo;
			productName = AlamoFireDemo;
			productReference = 8AFABCF824D6F3DC00006391 /* AlamoFireDemo.app */;
			productType = "com.apple.product-type.application";
		};
/* End PBXNativeTarget section */

/* Begin PBXProject section */
		8AFABCF024D6F3DC00006391 /* Project object */ = {
			isa = PBXProject;
			attributes = {
				LastSwiftUpdateCheck = 1150;
				LastUpgradeCheck = 1150;
				ORGANIZATIONNAME = "L Khang";
				TargetAttributes = {
					8AFABCF724D6F3DC00006391 = {
						CreatedOnToolsVersion = 11.5;
					};
				};
			};
			buildConfigurationList = 8AFABCF324D6F3DC00006391 /* Build configuration list for PBXProject "AlamoFireDemo" */;
			compatibilityVersion = "Xcode 9.3";
			developmentRegion = en;
			hasScannedForEncodings = 0;
			knownRegions = (
				en,
				Base,
			);
			mainGroup = 8AFABCEF24D6F3DC00006391;
			productRefGroup = 8AFABCF924D6F3DC00006391 /* Products */;
			projectDirPath = "";
			projectRoot = "";
			targets = (
				8AFABCF724D6F3DC00006391 /* AlamoFireDemo */,
			);
		};
/* End PBXProject section */

/* Begin PBXResourcesBuildPhase section */
		8AFABCF624D6F3DC00006391 /* Resources */ = {
			isa = PBXResourcesBuildPhase;
			buildActionMask = 2147483647;
			files = (
				8AFABD0824D6F3DD00006391 /* LaunchScreen.storyboard in Resources */,
				8AFABD0524D6F3DD00006391 /* Assets.xcassets in Resources */,
				8AFABD0324D6F3DC00006391 /* Main.storyboard in Resources */,
			);
			runOnlyForDeploymentPostprocessing = 0;
		};
/* End PBXResourcesBuildPhase section */

/* Begin PBXSourcesBuildPhase section */
		8AFABCF424D6F3DC00006391 /* Sources */ = {
			isa = PBXSourcesBuildPhase;
			buildActionMask = 2147483647;
			files = (
				8AFABD0024D6F3DC00006391 /* ViewController.swift in Sources */,
				8AFABCFC24D6F3DC00006391 /* AppDelegate.swift in Sources */,
				8AFABCFE24D6F3DC00006391 /* SceneDelegate.swift in Sources */,
			);
			runOnlyForDeploymentPostprocessing = 0;
		};
/* End PBXSourcesBuildPhase section */

/* Begin PBXVariantGroup section */
		8AFABD0124D6F3DC00006391 /* Main.storyboard */ = {
			isa = PBXVariantGroup;
			children = (
				8AFABD0224D6F3DC00006391 /* Base */,
			);
			name = Main.storyboard;
			sourceTree = "<group>";
		};
		8AFABD0624D6F3DD00006391 /* LaunchScreen.storyboard */ = {
			isa = PBXVariantGroup;
			children = (
				8AFABD0724D6F3DD00006391 /* Base */,
			);
			name = LaunchScreen.storyboard;
			sourceTree = "<group>";
		};
/* End PBXVariantGroup section */

/* Begin XCBuildConfiguration section */
		8AFABD0A24D6F3DD00006391 /* Debug */ = {
			isa = XCBuildConfiguration;
			buildSettings = {
				ALWAYS_SEARCH_USER_PATHS = NO;
				CLANG_ANALYZER_NONNULL = YES;
				CLANG_ANALYZER_NUMBER_OBJECT_CONVERSION = YES_AGGRESSIVE;
				CLANG_CXX_LANGUAGE_STANDARD = "gnu++14";
				CLANG_CXX_LIBRARY = "libc++";
				CLANG_ENABLE_MODULES = YES;
				CLANG_ENABLE_OBJC_ARC = YES;
				CLANG_ENABLE_OBJC_WEAK = YES;
				CLANG_WARN_BLOCK_CAPTURE_AUTORELEASING = YES;
				CLANG_WARN_BOOL_CONVERSION = YES;
				CLANG_WARN_COMMA = YES;
				CLANG_WARN_CONSTANT_CONVERSION = YES;
				CLANG_WARN_DEPRECATED_OBJC_IMPLEMENTATIONS = YES;
				CLANG_WARN_DIRECT_OBJC_ISA_USAGE = YES_ERROR;
				CLANG_WARN_DOCUMENTATION_COMMENTS = YES;
				CLANG_WARN_EMPTY_BODY = YES;
				CLANG_WARN_ENUM_CONVERSION = YES;
				CLANG_WARN_INFINITE_RECURSION = YES;
				CLANG_WARN_INT_CONVERSION = YES;
				CLANG_WARN_NON_LITERAL_NULL_CONVERSION = YES;
				CLANG_WARN_OBJC_IMPLICIT_RETAIN_SELF = YES;
				CLANG_WARN_OBJC_LITERAL_CONVERSION = YES;
				CLANG_WARN_OBJC_ROOT_CLASS = YES_ERROR;
				CLANG_WARN_RANGE_LOOP_ANALYSIS = YES;
				CLANG_WARN_STRICT_PROTOTYPES = YES;
				CLANG_WARN_SUSPICIOUS_MOVE = YES;
				CLANG_WARN_UNGUARDED_AVAILABILITY = YES_AGGRESSIVE;
				CLANG_WARN_UNREACHABLE_CODE = YES;
				CLANG_WARN__DUPLICATE_METHOD_MATCH = YES;
				COPY_PHASE_STRIP = NO;
				DEBUG_INFORMATION_FORMAT = dwarf;
				ENABLE_STRICT_OBJC_MSGSEND = YES;
				ENABLE_TESTABILITY = YES;
				GCC_C_LANGUAGE_STANDARD = gnu11;
				GCC_DYNAMIC_NO_PIC = NO;
				GCC_NO_COMMON_BLOCKS = YES;
				GCC_OPTIMIZATION_LEVEL = 0;
				GCC_PREPROCESSOR_DEFINITIONS = (
					"DEBUG=1",
					"$(inherited)",
				);
				GCC_WARN_64_TO_32_BIT_CONVERSION = YES;
				GCC_WARN_ABOUT_RETURN_TYPE = YES_ERROR;
				GCC_WARN_UNDECLARED_SELECTOR = YES;
				GCC_WARN_UNINITIALIZED_AUTOS = YES_AGGRESSIVE;
				GCC_WARN_UNUSED_FUNCTION = YES;
				GCC_WARN_UNUSED_VARIABLE = YES;
				IPHONEOS_DEPLOYMENT_TARGET = 13.5;
				MTL_ENABLE_DEBUG_INFO = INCLUDE_SOURCE;
				MTL_FAST_MATH = YES;
				ONLY_ACTIVE_ARCH = YES;
				SDKROOT = iphoneos;
				SWIFT_ACTIVE_COMPILATION_CONDITIONS = DEBUG;
				SWIFT_OPTIMIZATION_LEVEL = "-Onone";
			};
			name = Debug;
		};
		8AFABD0B24D6F3DD00006391 /* Release */ = {
			isa = XCBuildConfiguration;
			buildSettings = {
				ALWAYS_SEARCH_USER_PATHS = NO;
				CLANG_ANALYZER_NONNULL = YES;
				CLANG_ANALYZER_NUMBER_OBJECT_CONVERSION = YES_AGGRESSIVE;
				CLANG_CXX_LANGUAGE_STANDARD = "gnu++14";
				CLANG_CXX_LIBRARY = "libc++";
				CLANG_ENABLE_MODULES = YES;
				CLANG_ENABLE_OBJC_ARC = YES;
				CLANG_ENABLE_OBJC_WEAK = YES;
				CLANG_WARN_BLOCK_CAPTURE_AUTORELEASING = YES;
				CLANG_WARN_BOOL_CONVERSION = YES;
				CLANG_WARN_COMMA = YES;
				CLANG_WARN_CONSTANT_CONVERSION = YES;
				CLANG_WARN_DEPRECATED_OBJC_IMPLEMENTATIONS = YES;
				CLANG_WARN_DIRECT_OBJC_ISA_USAGE = YES_ERROR;
				CLANG_WARN_DOCUMENTATION_COMMENTS = YES;
				CLANG_WARN_EMPTY_BODY = YES;
				CLANG_WARN_ENUM_CONVERSION = YES;
				CLANG_WARN_INFINITE_RECURSION = YES;
				CLANG_WARN_INT_CONVERSION = YES;
				CLANG_WARN_NON_LITERAL_NULL_CONVERSION = YES;
				CLANG_WARN_OBJC_IMPLICIT_RETAIN_SELF = YES;
				CLANG_WARN_OBJC_LITERAL_CONVERSION = YES;
				CLANG_WARN_OBJC_ROOT_CLASS = YES_ERROR;
				CLANG_WARN_RANGE_LOOP_ANALYSIS = YES;
				CLANG_WARN_STRICT_PROTOTYPES = YES;
				CLANG_WARN_SUSPICIOUS_MOVE = YES;
				CLANG_WARN_UNGUARDED_AVAILABILITY = YES_AGGRESSIVE;
				CLANG_WARN_UNREACHABLE_CODE = YES;
				CLANG_WARN__DUPLICATE_METHOD_MATCH = YES;
				COPY_PHASE_STRIP = NO;
				DEBUG_INFORMATION_FORMAT = "dwarf-with-dsym";
				ENABLE_NS_ASSERTIONS = NO;
				ENABLE_STRICT_OBJC_MSGSEND = YES;
				GCC_C_LANGUAGE_STANDARD = gnu11;
				GCC_NO_COMMON_BLOCKS = YES;
				GCC_WARN_64_TO_32_BIT_CONVERSION = YES;
				GCC_WARN_ABOUT_RETURN_TYPE = YES_ERROR;
				GCC_WARN_UNDECLARED_SELECTOR = YES;
				GCC_WARN_UNINITIALIZED_AUTOS = YES_AGGRESSIVE;
				GCC_WARN_UNUSED_FUNCTION = YES;
				GCC_WARN_UNUSED_VARIABLE = YES;
				IPHONEOS_DEPLOYMENT_TARGET = 13.5;
				MTL_ENABLE_DEBUG_INFO = NO;
				MTL_FAST_MATH = YES;
				SDKROOT = iphoneos;
				SWIFT_COMPILATION_MODE = wholemodule;
				SWIFT_OPTIMIZATION_LEVEL = "-O";
				VALIDATE_PRODUCT = YES;
			};
			name = Release;
		};
		8AFABD0D24D6F3DD00006391 /* Debug */ = {
			isa = XCBuildConfiguration;
			buildSettings = {
				ASSETCATALOG_COMPILER_APPICON_NAME = AppIcon;
				CODE_SIGN_STYLE = Automatic;
				DEVELOPMENT_TEAM = 4HNHR4AUAH;
				INFOPLIST_FILE = AlamoFireDemo/Info.plist;
				LD_RUNPATH_SEARCH_PATHS = (
					"$(inherited)",
					"@executable_path/Frameworks",
				);
				PRODUCT_BUNDLE_IDENTIFIER = ptithcm.AlamoFireDemo;
				PRODUCT_NAME = "$(TARGET_NAME)";
				SWIFT_VERSION = 5.0;
				TARGETED_DEVICE_FAMILY = "1,2";
			};
			name = Debug;
		};
		8AFABD0E24D6F3DD00006391 /* Release */ = {
			isa = XCBuildConfiguration;
			buildSettings = {
				ASSETCATALOG_COMPILER_APPICON_NAME = AppIcon;
				CODE_SIGN_STYLE = Automatic;
				DEVELOPMENT_TEAM = 4HNHR4AUAH;
				INFOPLIST_FILE = AlamoFireDemo/Info.plist;
				LD_RUNPATH_SEARCH_PATHS = (
					"$(inherited)",
					"@executable_path/Frameworks",
				);
				PRODUCT_BUNDLE_IDENTIFIER = ptithcm.AlamoFireDemo;
				PRODUCT_NAME = "$(TARGET_NAME)";
				SWIFT_VERSION = 5.0;
				TARGETED_DEVICE_FAMILY = "1,2";
			};
			name = Release;
		};
/* End XCBuildConfiguration section */

/* Begin XCConfigurationList section */
		8AFABCF324D6F3DC00006391 /* Build configuration list for PBXProject "AlamoFireDemo" */ = {
			isa = XCConfigurationList;
			buildConfigurations = (
				8AFABD0A24D6F3DD00006391 /* Debug */,
				8AFABD0B24D6F3DD00006391 /* Release */,
			);
			defaultConfigurationIsVisible = 0;
			defaultConfigurationName = Release;
		};
		8AFABD0C24D6F3DD00006391 /* Build configuration list for PBXNativeTarget "AlamoFireDemo" */ = {
			isa = XCConfigurationList;
			buildConfigurations = (
				8AFABD0D24D6F3DD00006391 /* Debug */,
				8AFABD0E24D6F3DD00006391 /* Release */,
			);
			defaultConfigurationIsVisible = 0;
			defaultConfigurationName = Release;
		};
/* End XCConfigurationList section */
	};
	rootObject = 8AFABCF024D6F3DC00006391 /* Project object */;
}
